
Microsoft Visual Studio Solution File, Format Version 12.00
Project("{FAE04EC0-301F-11D3-BF4B-00C04F79EFBC}") = "HashtagTetris", "HashtagTetris\HashtagTetris.csproj", "{584CC269-31A8-4015-A722-C8B42456FE8F}"
EndProject
Project("{FAE04EC0-301F-11D3-BF4B-00C04F79EFBC}") = "domain", "domain\domain.csproj", "{E42F62BB-8628-465D-9476-D83489734B45}"
EndProject
Project("{FAE04EC0-301F-11D3-BF4B-00C04F79EFBC}") = "GUI", "GUI\GUI.csproj", "{CC409119-5C0C-4EFD-A03C-F3E70FF36C3F}"
EndProject
Global
	GlobalSection(SolutionConfigurationPlatforms) = preSolution
		Debug|Any CPU = Debug|Any CPU
		Release|Any CPU = Release|Any CPU
	EndGlobalSection
	GlobalSection(ProjectConfigurationPlatforms) = postSolution
		{584CC269-31A8-4015-A722-C8B42456FE8F}.Debug|Any CPU.ActiveCfg = Debug|Any CPU
		{584CC269-31A8-4015-A722-C8B42456FE8F}.Debug|Any CPU.Build.0 = Debug|Any CPU
		{584CC269-31A8-4015-A722-C8B42456FE8F}.Release|Any CPU.ActiveCfg = Release|Any CPU
		{584CC269-31A8-4015-A722-C8B42456FE8F}.Release|Any CPU.Build.0 = Release|Any CPU
		{E42F62BB-8628-465D-9476-D83489734B45}.Debug|Any CPU.ActiveCfg = Debug|Any CPU
		{E42F62BB-8628-465D-9476-D83489734B45}.Debug|Any CPU.Build.0 = Debug|Any CPU
		{E42F62BB-8628-465D-9476-D83489734B45}.Release|Any CPU.ActiveCfg = Release|Any CPU
		{E42F62BB-8628-465D-9476-D83489734B45}.Release|Any CPU.Build.0 = Release|Any CPU
		{CC409119-5C0C-4EFD-A03C-F3E70FF36C3F}.Debug|Any CPU.ActiveCfg = Debug|Any CPU
		{CC409119-5C0C-4EFD-A03C-F3E70FF36C3F}.Debug|Any CPU.Build.0 = Debug|Any CPU
		{CC409119-5C0C-4EFD-A03C-F3E70FF36C3F}.Release|Any CPU.ActiveCfg = Release|Any CPU
		{CC409119-5C0C-4EFD-A03C-F3E70FF36C3F}.Release|Any CPU.Build.0 = Release|Any CPU
	EndGlobalSection
EndGlobal
